
Microsoft Visual Studio Solution File, Format Version 12.00
# Visual Studio Version 17
VisualStudioVersion = 17.5.001.0
MinimumVisualStudioVersion = 10.0.40219.1
Project("{9A19103F-16F7-4668-BE54-9A1E7A4F7556}") = "basics-of-c-sharp", "basics-of-c-sharp.csproj", "{4FE13D88-7CAD-4B52-97D6-997A847403B0}"
EndProject
Project("{2150E333-8FDC-42A3-9474-1A3956D46DE8}") = "bin", "bin", "{FA2E811D-54A9-4BFD-BD1E-DA4FF078D34C}"
EndProject
Project("{2150E333-8FDC-42A3-9474-1A3956D46DE8}") = "Release", "Release", "{29D6B298-9548-48DC-B15D-829F0D8F9578}"
EndProject
Project("{2150E333-8FDC-42A3-9474-1A3956D46DE8}") = "net7.0", "net7.0", "{5F4F3946-0458-4C9D-96DD-E433D6F8C0E4}"
EndProject
Project("{9A19103F-16F7-4668-BE54-9A1E7A4F7556}") = "BenchmarkDotNet.Autogenerated", "bin\Release\net7.0\0bba28a4-6444-4292-8a8e-a49fcc61f0b7\BenchmarkDotNet.Autogenerated.csproj", "{728758A6-CE15-4C97-9B32-156E39C8DDF9}"
EndProject
Project("{9A19103F-16F7-4668-BE54-9A1E7A4F7556}") = "BenchmarkDotNet.Autogenerated (1)", "bin\Release\net7.0\2f8fe0ac-4eeb-418a-8262-c7041eb05702\BenchmarkDotNet.Autogenerated.csproj", "{ECDBA003-A239-4FBC-8D1B-1AFB488E9F2F}"
EndProject
Project("{9A19103F-16F7-4668-BE54-9A1E7A4F7556}") = "BenchmarkDotNet.Autogenerated (2)", "bin\Release\net7.0\34eaeae2-5579-4245-87f5-9812e165bc7f\BenchmarkDotNet.Autogenerated.csproj", "{7611E674-2685-4247-AA62-E49CADEEF989}"
EndProject
Project("{9A19103F-16F7-4668-BE54-9A1E7A4F7556}") = "BenchmarkDotNet.Autogenerated (3)", "bin\Release\net7.0\86cabc24-1d55-4bc7-a11a-b09b811b957e\BenchmarkDotNet.Autogenerated.csproj", "{59771CC9-13B8-43C0-9F0B-A74773F66169}"
EndProject
Project("{9A19103F-16F7-4668-BE54-9A1E7A4F7556}") = "BenchmarkDotNet.Autogenerated (4)", "bin\Release\net7.0\b858ba1a-b901-4fb7-81ac-6d1e6472be25\BenchmarkDotNet.Autogenerated.csproj", "{89F46064-4BB0-44F5-84F5-9DBC06871DA3}"
EndProject
Global
	GlobalSection(SolutionConfigurationPlatforms) = preSolution
		Debug|Any CPU = Debug|Any CPU
		Release|Any CPU = Release|Any CPU
	EndGlobalSection
	GlobalSection(ProjectConfigurationPlatforms) = postSolution
		{4FE13D88-7CAD-4B52-97D6-997A847403B0}.Debug|Any CPU.ActiveCfg = Debug|Any CPU
		{4FE13D88-7CAD-4B52-97D6-997A847403B0}.Debug|Any CPU.Build.0 = Debug|Any CPU
		{4FE13D88-7CAD-4B52-97D6-997A847403B0}.Release|Any CPU.ActiveCfg = Release|Any CPU
		{4FE13D88-7CAD-4B52-97D6-997A847403B0}.Release|Any CPU.Build.0 = Release|Any CPU
		{728758A6-CE15-4C97-9B32-156E39C8DDF9}.Debug|Any CPU.ActiveCfg = Debug|Any CPU
		{728758A6-CE15-4C97-9B32-156E39C8DDF9}.Debug|Any CPU.Build.0 = Debug|Any CPU
		{728758A6-CE15-4C97-9B32-156E39C8DDF9}.Release|Any CPU.ActiveCfg = Release|Any CPU
		{728758A6-CE15-4C97-9B32-156E39C8DDF9}.Release|Any CPU.Build.0 = Release|Any CPU
		{ECDBA003-A239-4FBC-8D1B-1AFB488E9F2F}.Debug|Any CPU.ActiveCfg = Debug|Any CPU
		{ECDBA003-A239-4FBC-8D1B-1AFB488E9F2F}.Debug|Any CPU.Build.0 = Debug|Any CPU
		{ECDBA003-A239-4FBC-8D1B-1AFB488E9F2F}.Release|Any CPU.ActiveCfg = Release|Any CPU
		{ECDBA003-A239-4FBC-8D1B-1AFB488E9F2F}.Release|Any CPU.Build.0 = Release|Any CPU
		{7611E674-2685-4247-AA62-E49CADEEF989}.Debug|Any CPU.ActiveCfg = Debug|Any CPU
		{7611E674-2685-4247-AA62-E49CADEEF989}.Debug|Any CPU.Build.0 = Debug|Any CPU
		{7611E674-2685-4247-AA62-E49CADEEF989}.Release|Any CPU.ActiveCfg = Release|Any CPU
		{7611E674-2685-4247-AA62-E49CADEEF989}.Release|Any CPU.Build.0 = Release|Any CPU
		{59771CC9-13B8-43C0-9F0B-A74773F66169}.Debug|Any CPU.ActiveCfg = Debug|Any CPU
		{59771CC9-13B8-43C0-9F0B-A74773F66169}.Debug|Any CPU.Build.0 = Debug|Any CPU
		{59771CC9-13B8-43C0-9F0B-A74773F66169}.Release|Any CPU.ActiveCfg = Release|Any CPU
		{59771CC9-13B8-43C0-9F0B-A74773F66169}.Release|Any CPU.Build.0 = Release|Any CPU
		{89F46064-4BB0-44F5-84F5-9DBC06871DA3}.Debug|Any CPU.ActiveCfg = Debug|Any CPU
		{89F46064-4BB0-44F5-84F5-9DBC06871DA3}.Debug|Any CPU.Build.0 = Debug|Any CPU
		{89F46064-4BB0-44F5-84F5-9DBC06871DA3}.Release|Any CPU.ActiveCfg = Release|Any CPU
		{89F46064-4BB0-44F5-84F5-9DBC06871DA3}.Release|Any CPU.Build.0 = Release|Any CPU
	EndGlobalSection
	GlobalSection(SolutionProperties) = preSolution
		HideSolutionNode = FALSE
	EndGlobalSection
	GlobalSection(NestedProjects) = preSolution
		{29D6B298-9548-48DC-B15D-829F0D8F9578} = {FA2E811D-54A9-4BFD-BD1E-DA4FF078D34C}
		{5F4F3946-0458-4C9D-96DD-E433D6F8C0E4} = {29D6B298-9548-48DC-B15D-829F0D8F9578}
		{728758A6-CE15-4C97-9B32-156E39C8DDF9} = {5F4F3946-0458-4C9D-96DD-E433D6F8C0E4}
		{ECDBA003-A239-4FBC-8D1B-1AFB488E9F2F} = {5F4F3946-0458-4C9D-96DD-E433D6F8C0E4}
		{7611E674-2685-4247-AA62-E49CADEEF989} = {5F4F3946-0458-4C9D-96DD-E433D6F8C0E4}
		{59771CC9-13B8-43C0-9F0B-A74773F66169} = {5F4F3946-0458-4C9D-96DD-E433D6F8C0E4}
		{89F46064-4BB0-44F5-84F5-9DBC06871DA3} = {5F4F3946-0458-4C9D-96DD-E433D6F8C0E4}
	EndGlobalSection
	GlobalSection(ExtensibilityGlobals) = postSolution
		SolutionGuid = {E2A60292-BBB0-4D07-B81F-754B90FDB89B}
	EndGlobalSection
EndGlobal
